
Microsoft Visual Studio Solution File, Format Version 12.00
# Visual Studio Version 17
VisualStudioVersion = 17.3.32819.101
MinimumVisualStudioVersion = 10.0.40219.1
Project("{FAE04EC0-301F-11D3-BF4B-00C04F79EFBC}") = "Labb", "Labb\Labb.csproj", "{79E8662F-54B5-4C5E-82EE-C41791A97BE5}"
EndProject
Global
	GlobalSection(SolutionConfigurationPlatforms) = preSolution
		Debug|Any CPU = Debug|Any CPU
		Release|Any CPU = Release|Any CPU
	EndGlobalSection
	GlobalSection(ProjectConfigurationPlatforms) = postSolution
		{79E8662F-54B5-4C5E-82EE-C41791A97BE5}.Debug|Any CPU.ActiveCfg = Debug|Any CPU
		{79E8662F-54B5-4C5E-82EE-C41791A97BE5}.Debug|Any CPU.Build.0 = Debug|Any CPU
		{79E8662F-54B5-4C5E-82EE-C41791A97BE5}.Release|Any CPU.ActiveCfg = Release|Any CPU
		{79E8662F-54B5-4C5E-82EE-C41791A97BE5}.Release|Any CPU.Build.0 = Release|Any CPU
	EndGlobalSection
	GlobalSection(SolutionProperties) = preSolution
		HideSolutionNode = FALSE
	EndGlobalSection
	GlobalSection(ExtensibilityGlobals) = postSolution
		SolutionGuid = {2F6FD531-1E99-40B1-835A-A1C9B38E061A}
	EndGlobalSection
EndGlobal
